{
  "name": "notebloc",
  "version": "1.0.0",
  "lockfileVersion": 1,
  "requires": true,
  "dependencies": {
    "alertifyjs": {
      "version": "1.13.1",
      "resolved": "https://registry.npmjs.org/alertifyjs/-/alertifyjs-1.13.1.tgz",
      "integrity": "sha512-CckZE2dZDsEEXglOXKxT00vUDV5A6udZom+bn1XHdIWlbSFZgYq7UXCBlwkShhIH3Li/1VxLmr55GOQFQ12WSg=="
    },
    "froala-editor": {
      "version": "3.2.6-1",
      "resolved": "https://registry.npmjs.org/froala-editor/-/froala-editor-3.2.6-1.tgz",
      "integrity": "sha512-PfUi3KwtYqPE9/fRJBhUAjOffUmVt2Bgd9XL1dcWkEZ9vgLaxQLau721xSy9tsZGc43GYoIlDo1jj9Mmdo3cDw=="
    },
    "mitt": {
      "version": "2.1.0",
      "resolved": "https://registry.npmjs.org/mitt/-/mitt-2.1.0.tgz",
      "integrity": "sha512-ILj2TpLiysu2wkBbWjAmww7TkZb65aiQO+DkVdUTBpBXq+MHYiETENkKFMtsJZX1Lf4pe4QOrTSjIfUwN5lRdg=="
    },
    "navigo": {
      "version": "8.11.0",
      "resolved": "https://registry.npmjs.org/navigo/-/navigo-8.11.0.tgz",
      "integrity": "sha512-Kp+HGJ8/1wnKxW0Np4hTDYoLovtQZH5a7TO5IL89UbtvGYfFKWuacjO/ij+GN1YVHfKmlulM3lqBGQvAc7LTUQ=="
    }
  }
}
