{
  "requires": true,
  "lockfileVersion": 1,
  "dependencies": {
    "froala-editor": {
      "version": "3.2.3",
      "resolved": "https://registry.npmjs.org/froala-editor/-/froala-editor-3.2.3.tgz",
      "integrity": "sha512-yi+CfAy1M+/pI/ZVC9+UuD8ErFiu0TjQ1QbFZe/7LfZr4ld5oFgfgvWHh3g7OpAo2a+xW1MNASD7TFYmPLLNSg=="
    }
  }
}
